{
  "pins" : [
    {
      "identity" : "constraintbuilder",
      "kind" : "remoteSourceControl",
      "location" : "ssh://git@github.com/veedstudio/ConstraintBuilder.git",
      "state" : {
        "revision" : "6a9cdfd4932087ca8f8e6ddf58b53e592756080b",
        "version" : "1.2.2"
      }
    }
  ],
  "version" : 2
}
